{
    "_readme": [
        "This file locks the dependencies of your project to a known state",
        "Read more about it at https://getcomposer.org/doc/01-basic-usage.md#installing-dependencies",
        "This file is @generated automatically"
    ],
    "content-hash": "c1982b29ddafd0433305aade959e80aa",
    "packages": [
        {
            "name": "psr/container",
            "version": "2.0.2",
            "source": {
                "type": "git",
                "url": "https://github.com/php-fig/container.git",
                "reference": "c71ecc56dfe541dbd90c5360474fbc405f8d5963"
            },
            "dist": {
                "type": "zip",
                "url": "https://api.github.com/repos/php-fig/container/zipball/c71ecc56dfe541dbd90c5360474fbc405f8d5963",
                "reference": "c71ecc56dfe541dbd90c5360474fbc405f8d5963",
                "shasum": ""
            },
            "require": {
                "php": ">=7.4.0"
            },
            "type": "library",
            "extra": {
                "branch-alias": {
                    "dev-master": "2.0.x-dev"
                }
            },
            "autoload": {
                "psr-4": {
                    "Psr\\Container\\": "src/"
                }
            },
            "notification-url": "https://packagist.org/downloads/",
            "license": [
                "MIT"
            ],
            "authors": [
                {
                    "name": "PHP-FIG",
                    "homepage": "https://www.php-fig.org/"
                }
            ],
            "description": "Common Container Interface (PHP FIG PSR-11)",
            "homepage": "https://github.com/php-fig/container",
            "keywords": [
                "PSR-11",
                "container",
                "container-interface",
                "container-interop",
                "psr"
            ],
            "support": {
                "issues": "https://github.com/php-fig/container/issues",
                "source": "https://github.com/php-fig/container/tree/2.0.2"
            },
            "time": "2021-11-05T16:47:00+00:00"
        },
        {
            "name": "romchik38/php-container",
            "version": "v1.0.1",
            "source": {
                "type": "git",
                "url": "https://github.com/Romchik38/php-container.git",
                "reference": "e6b39ba27e4491c76c2db9b7d02eac0e37a1e407"
            },
            "dist": {
                "type": "zip",
                "url": "https://api.github.com/repos/Romchik38/php-container/zipball/e6b39ba27e4491c76c2db9b7d02eac0e37a1e407",
                "reference": "e6b39ba27e4491c76c2db9b7d02eac0e37a1e407",
                "shasum": ""
            },
            "require": {
                "psr/container": "^2.0"
            },
            "type": "library",
            "autoload": {
                "psr-4": {
                    "Romchik38\\": "src/"
                }
            },
            "license": [
                "MIT"
            ],
            "authors": [
                {
                    "name": "Serhii Romanenko",
                    "homepage": "https://github.com/Romchik38"
                }
            ],
            "description": "PSR-11: Container interface",
            "support": {
                "source": "https://github.com/Romchik38/php-container/tree/v1.0.1",
                "issues": "https://github.com/Romchik38/php-container/issues"
            },
            "time": "2024-05-24T08:34:48+00:00"
        }
    ],
    "packages-dev": [],
    "aliases": [],
    "minimum-stability": "stable",
    "stability-flags": [],
    "prefer-stable": false,
    "prefer-lowest": false,
    "platform": [],
    "platform-dev": [],
    "plugin-api-version": "2.6.0"
}
